
Microsoft Visual Studio Solution File, Format Version 12.00
# Visual Studio Version 16
VisualStudioVersion = 16.0.29509.3
MinimumVisualStudioVersion = 10.0.40219.1
Project("{FAE04EC0-301F-11D3-BF4B-00C04F79EFBC}") = "CommunityPlugin", "CommunityPlugin\CommunityPlugin.csproj", "{53BEE5EC-C6E7-43F9-B6EC-0366A3A372D7}"
EndProject
Global
	GlobalSection(SolutionConfigurationPlatforms) = preSolution
		Debug|Any CPU = Debug|Any CPU
		Release|Any CPU = Release|Any CPU
	EndGlobalSection
	GlobalSection(ProjectConfigurationPlatforms) = postSolution
		{53BEE5EC-C6E7-43F9-B6EC-0366A3A372D7}.Debug|Any CPU.ActiveCfg = Debug|Any CPU
		{53BEE5EC-C6E7-43F9-B6EC-0366A3A372D7}.Debug|Any CPU.Build.0 = Debug|Any CPU
		{53BEE5EC-C6E7-43F9-B6EC-0366A3A372D7}.Release|Any CPU.ActiveCfg = Release|Any CPU
		{53BEE5EC-C6E7-43F9-B6EC-0366A3A372D7}.Release|Any CPU.Build.0 = Release|Any CPU
	EndGlobalSection
	GlobalSection(SolutionProperties) = preSolution
		HideSolutionNode = FALSE
	EndGlobalSection
	GlobalSection(ExtensibilityGlobals) = postSolution
		SolutionGuid = {7AA7B75E-E596-4020-B219-0A5EA337DC37}
	EndGlobalSection
EndGlobal
